
Microsoft Visual Studio Solution File, Format Version 12.00
# Visual Studio Version 17
VisualStudioVersion = 17.5.33516.290
MinimumVisualStudioVersion = 10.0.40219.1
Project("{FAE04EC0-301F-11D3-BF4B-00C04F79EFBC}") = "LogBook.Vew", "LogBook.Vew\LogBook.Vew.csproj", "{89A321AF-D397-4597-B95B-6F97970314C1}"
EndProject
Project("{FAE04EC0-301F-11D3-BF4B-00C04F79EFBC}") = "LogBok.DAL", "LogBok.DAL\LogBok.DAL.csproj", "{31B59B7B-F6FF-467B-875E-7BABB5217D0A}"
EndProject
Project("{FAE04EC0-301F-11D3-BF4B-00C04F79EFBC}") = "ClassLibrary1", "ClassLibrary1\ClassLibrary1.csproj", "{ADCA6A0F-034C-445D-9A44-00829D60DCB0}"
EndProject
Global
	GlobalSection(SolutionConfigurationPlatforms) = preSolution
		Debug|Any CPU = Debug|Any CPU
		Release|Any CPU = Release|Any CPU
	EndGlobalSection
	GlobalSection(ProjectConfigurationPlatforms) = postSolution
		{89A321AF-D397-4597-B95B-6F97970314C1}.Debug|Any CPU.ActiveCfg = Debug|Any CPU
		{89A321AF-D397-4597-B95B-6F97970314C1}.Debug|Any CPU.Build.0 = Debug|Any CPU
		{89A321AF-D397-4597-B95B-6F97970314C1}.Release|Any CPU.ActiveCfg = Release|Any CPU
		{89A321AF-D397-4597-B95B-6F97970314C1}.Release|Any CPU.Build.0 = Release|Any CPU
		{31B59B7B-F6FF-467B-875E-7BABB5217D0A}.Debug|Any CPU.ActiveCfg = Debug|Any CPU
		{31B59B7B-F6FF-467B-875E-7BABB5217D0A}.Debug|Any CPU.Build.0 = Debug|Any CPU
		{31B59B7B-F6FF-467B-875E-7BABB5217D0A}.Release|Any CPU.ActiveCfg = Release|Any CPU
		{31B59B7B-F6FF-467B-875E-7BABB5217D0A}.Release|Any CPU.Build.0 = Release|Any CPU
		{ADCA6A0F-034C-445D-9A44-00829D60DCB0}.Debug|Any CPU.ActiveCfg = Debug|Any CPU
		{ADCA6A0F-034C-445D-9A44-00829D60DCB0}.Debug|Any CPU.Build.0 = Debug|Any CPU
		{ADCA6A0F-034C-445D-9A44-00829D60DCB0}.Release|Any CPU.ActiveCfg = Release|Any CPU
		{ADCA6A0F-034C-445D-9A44-00829D60DCB0}.Release|Any CPU.Build.0 = Release|Any CPU
	EndGlobalSection
	GlobalSection(SolutionProperties) = preSolution
		HideSolutionNode = FALSE
	EndGlobalSection
	GlobalSection(ExtensibilityGlobals) = postSolution
		SolutionGuid = {A0969351-3150-435B-A6F5-3BF2A0BD71C3}
	EndGlobalSection
EndGlobal
